
Microsoft Visual Studio Solution File, Format Version 12.00
# Visual Studio Version 16
VisualStudioVersion = 16.0.31613.86
MinimumVisualStudioVersion = 10.0.40219.1
Project("{FAE04EC0-301F-11D3-BF4B-00C04F79EFBC}") = "AulaQuartaCshap", "AulaQuartaCshap\AulaQuartaCshap.csproj", "{9612C27E-62C7-4CC0-9784-B6F51900E221}"
EndProject
Global
	GlobalSection(SolutionConfigurationPlatforms) = preSolution
		Debug|Any CPU = Debug|Any CPU
		Release|Any CPU = Release|Any CPU
	EndGlobalSection
	GlobalSection(ProjectConfigurationPlatforms) = postSolution
		{9612C27E-62C7-4CC0-9784-B6F51900E221}.Debug|Any CPU.ActiveCfg = Debug|Any CPU
		{9612C27E-62C7-4CC0-9784-B6F51900E221}.Debug|Any CPU.Build.0 = Debug|Any CPU
		{9612C27E-62C7-4CC0-9784-B6F51900E221}.Release|Any CPU.ActiveCfg = Release|Any CPU
		{9612C27E-62C7-4CC0-9784-B6F51900E221}.Release|Any CPU.Build.0 = Release|Any CPU
	EndGlobalSection
	GlobalSection(SolutionProperties) = preSolution
		HideSolutionNode = FALSE
	EndGlobalSection
	GlobalSection(ExtensibilityGlobals) = postSolution
		SolutionGuid = {607CDC71-89EF-4968-92B3-1D99CBBB4041}
	EndGlobalSection
EndGlobal
